description: Indexation of the State Pension under the triple lock.
metadata:
  reference:
  - href: https://commonslibrary.parliament.uk/research-briefings/cbp-7812/
    title: House of Commons Library
  unit: /1

values:
  2010-01-01: 1.000
  2011-01-01: 1.046
  2012-01-01: 1.100
  2013-01-01: 1.128
  2014-01-01: 1.158
  2015-01-01: 1.187
  2016-01-01: 1.222
  2017-01-01: 1.252
  2018-01-01: 1.290
  2019-01-01: 1.323
  2020-01-01: 1.375
  2021-01-01: 1.409 # Earnings increase FY2020/2019 = 0.2%, CPI increase FY2020/2019 = 0.6%
  2022-01-01: 1.495 # Earnings increase FY2021/2020 = 6.0%, CPI increase FY2021/2020 = 3.9%
  2023-01-01: 1.645 # Earnings increase FY2022/2021 = 5.7%, CPI increase FY2022/2021 = 10.1%
  2024-01-01: 1.751 # Earnings increase FY2023/2022 = 6.5%, CPI increase FY2023/2022 = 5.7%
  2025-01-01: 1.805 # Earnings increase FY2024/2023 = 3.1%, CPI increase FY2024/2023 = 1.6%
  2026-01-01: 1.850 # Earnings increase FY2025/2024 = 1.9%, CPI increase FY2025/2024 = 1.6%
  2027-01-01: 1.896 # Earnings increase FY2026/2025 = 2.2%, CPI increase FY2026/2025 = 1.7%
  2028-01-01: 1.944 # Earnings increase FY2027/2026 = 2.3%, CPI increase FY2027/2026 = 2.0%
  