description: Indexation of the State Pension under the triple lock.
metadata:
  reference:
  - href: https://commonslibrary.parliament.uk/research-briefings/cbp-7812/
    title: House of Commons Library
  unit: /1

values:
  2010-01-01: 1.000
  2011-01-01: 1.046
  2012-01-01: 1.100
  2013-01-01: 1.128
  2014-01-01: 1.158
  2015-01-01: 1.187
  2016-01-01: 1.222
  2017-01-01: 1.252
  2018-01-01: 1.290
  2019-01-01: 1.323
  2020-01-01: 1.375
  2021-01-01: 1.409
  2022-01-01: 1.453
  2023-01-01: 1.599
  2024-01-01: 1.735
  2025-01-01: 1.800
  2026-01-01: 1.846
  2027-01-01: 1.893
  2028-01-01: 1.941
  2029-01-01: 1.995